# THIS IS AN AUTOGENERATED FILE. DO NOT EDIT THIS FILE DIRECTLY.
# yarn lockfile v1


argparse@^1.0.7:
  version "1.0.9"
  resolved "https://registry.yarnpkg.com/argparse/-/argparse-1.0.9.tgz#73d83bc263f86e97f8cc4f6bae1b0e90a7d22c86"
  dependencies:
    sprintf-js "~1.0.2"

asn1@0.2.3:
  version "0.2.3"
  resolved "https://registry.yarnpkg.com/asn1/-/asn1-0.2.3.tgz#dac8787713c9966849fc8180777ebe9c1ddf3b86"

async@^1.5.2:
  version "1.5.2"
  resolved "https://registry.yarnpkg.com/async/-/async-1.5.2.tgz#ec6a61ae56480c0c3cb241c95618e20892f9672a"

balanced-match@^1.0.0:
  version "1.0.0"
  resolved "https://registry.yarnpkg.com/balanced-match/-/balanced-match-1.0.0.tgz#89b4d199ab2bee49de164ea02b89ce462d71b767"

brace-expansion@^1.1.7:
  version "1.1.11"
  resolved "https://registry.yarnpkg.com/brace-expansion/-/brace-expansion-1.1.11.tgz#3c7fcbf529d87226f3d2f52b966ff5271eb441dd"
  dependencies:
    balanced-match "^1.0.0"
    concat-map "0.0.1"

commander@2.x.x, commander@^2.7.1:
  version "2.14.1"
  resolved "https://registry.yarnpkg.com/commander/-/commander-2.14.1.tgz#2235123e37af8ca3c65df45b026dbd357b01b9aa"

concat-map@0.0.1:
  version "0.0.1"
  resolved "https://registry.yarnpkg.com/concat-map/-/concat-map-0.0.1.tgz#d8a96bd77fd68df7793a73036a3ba0d5405d477b"

dom-walk@^0.1.0:
  version "0.1.1"
  resolved "https://registry.yarnpkg.com/dom-walk/-/dom-walk-0.1.1.tgz#672226dc74c8f799ad35307df936aba11acd6018"

esprima@^4.0.0:
  version "4.0.0"
  resolved "https://registry.yarnpkg.com/esprima/-/esprima-4.0.0.tgz#4499eddcd1110e0b218bacf2fa7f7f59f55ca804"

file@^0.2.2:
  version "0.2.2"
  resolved "https://registry.yarnpkg.com/file/-/file-0.2.2.tgz#c3dfd8f8cf3535ae455c2b423c2e52635d76b4d3"

fs.realpath@^1.0.0:
  version "1.0.0"
  resolved "https://registry.yarnpkg.com/fs.realpath/-/fs.realpath-1.0.0.tgz#1504ad2523158caa40db4a2787cb01411994ea4f"

generate-function@^2.0.0:
  version "2.0.0"
  resolved "https://registry.yarnpkg.com/generate-function/-/generate-function-2.0.0.tgz#6858fe7c0969b7d4e9093337647ac79f60dfbe74"

generate-object-property@^1.1.0:
  version "1.2.0"
  resolved "https://registry.yarnpkg.com/generate-object-property/-/generate-object-property-1.2.0.tgz#9c0e1c40308ce804f4783618b937fa88f99d50d0"
  dependencies:
    is-property "^1.0.0"

glob-all@^3.0.3:
  version "3.1.0"
  resolved "https://registry.yarnpkg.com/glob-all/-/glob-all-3.1.0.tgz#8913ddfb5ee1ac7812656241b03d5217c64b02ab"
  dependencies:
    glob "^7.0.5"
    yargs "~1.2.6"

glob@^7.0.5:
  version "7.1.2"
  resolved "https://registry.yarnpkg.com/glob/-/glob-7.1.2.tgz#c19c9df9a028702d678612384a6552404c636d15"
  dependencies:
    fs.realpath "^1.0.0"
    inflight "^1.0.4"
    inherits "2"
    minimatch "^3.0.4"
    once "^1.3.0"
    path-is-absolute "^1.0.0"

global@^4.3.2:
  version "4.3.2"
  resolved "https://registry.yarnpkg.com/global/-/global-4.3.2.tgz#e76989268a6c74c38908b1305b10fc0e394e9d0f"
  dependencies:
    min-document "^2.19.0"
    process "~0.5.1"

graceful-fs@^4.1.6:
  version "4.1.11"
  resolved "https://registry.yarnpkg.com/graceful-fs/-/graceful-fs-4.1.11.tgz#0e8bdfe4d1ddb8854d64e04ea7c00e2a026e5658"

hash-files@^1.1.1:
  version "1.1.1"
  resolved "https://registry.yarnpkg.com/hash-files/-/hash-files-1.1.1.tgz#5f89c64ef21ece69c8261254b7659bd40e91d8de"
  dependencies:
    async "^1.5.2"
    glob-all "^3.0.3"
    opter "^1.1.0"
    read-files "^0.1.0"
    underscore "^1.8.3"

inflight@^1.0.4:
  version "1.0.6"
  resolved "https://registry.yarnpkg.com/inflight/-/inflight-1.0.6.tgz#49bd6331d7d02d0c09bc910a1075ba8165b56df9"
  dependencies:
    once "^1.3.0"
    wrappy "1"

inherits@2:
  version "2.0.3"
  resolved "https://registry.yarnpkg.com/inherits/-/inherits-2.0.3.tgz#633c2c83e3da42a502f52466022480f4208261de"

is-my-ip-valid@^1.0.0:
  version "1.0.0"
  resolved "https://registry.yarnpkg.com/is-my-ip-valid/-/is-my-ip-valid-1.0.0.tgz#7b351b8e8edd4d3995d4d066680e664d94696824"

is-my-json-valid@^2.17.2:
  version "2.17.2"
  resolved "https://registry.yarnpkg.com/is-my-json-valid/-/is-my-json-valid-2.17.2.tgz#6b2103a288e94ef3de5cf15d29dd85fc4b78d65c"
  dependencies:
    generate-function "^2.0.0"
    generate-object-property "^1.1.0"
    is-my-ip-valid "^1.0.0"
    jsonpointer "^4.0.0"
    xtend "^4.0.0"

is-property@^1.0.0:
  version "1.0.2"
  resolved "https://registry.yarnpkg.com/is-property/-/is-property-1.0.2.tgz#57fe1c4e48474edd65b09911f26b1cd4095dda84"

js-yaml@3.x.x:
  version "3.10.0"
  resolved "https://registry.yarnpkg.com/js-yaml/-/js-yaml-3.10.0.tgz#2e78441646bd4682e963f22b6e92823c309c62dc"
  dependencies:
    argparse "^1.0.7"
    esprima "^4.0.0"

jsonfile@^4.0.0:
  version "4.0.0"
  resolved "https://registry.yarnpkg.com/jsonfile/-/jsonfile-4.0.0.tgz#8771aae0799b64076b76640fca058f9c10e33ecb"
  optionalDependencies:
    graceful-fs "^4.1.6"

jsonpointer@^4.0.0:
  version "4.0.1"
  resolved "https://registry.yarnpkg.com/jsonpointer/-/jsonpointer-4.0.1.tgz#4fd92cb34e0e9db3c89c8622ecf51f9b978c6cb9"

lodash.endswith@^4.2.1:
  version "4.2.1"
  resolved "https://registry.yarnpkg.com/lodash.endswith/-/lodash.endswith-4.2.1.tgz#fed59ac1738ed3e236edd7064ec456448b37bc09"

lodash.get@^4.0.0:
  version "4.4.2"
  resolved "https://registry.yarnpkg.com/lodash.get/-/lodash.get-4.4.2.tgz#2d177f652fa31e939b4438d5341499dfa3825e99"

lodash.isequal@^4.0.0:
  version "4.5.0"
  resolved "https://registry.yarnpkg.com/lodash.isequal/-/lodash.isequal-4.5.0.tgz#415c4478f2bcc30120c22ce10ed3226f7d3e18e0"

lodash.isfunction@^3.0.8, lodash.isfunction@^3.0.9:
  version "3.0.9"
  resolved "https://registry.yarnpkg.com/lodash.isfunction/-/lodash.isfunction-3.0.9.tgz#06de25df4db327ac931981d1bdb067e5af68d051"

lodash.isstring@^4.0.1:
  version "4.0.1"
  resolved "https://registry.yarnpkg.com/lodash.isstring/-/lodash.isstring-4.0.1.tgz#d527dfb5456eca7cc9bb95d5daeaf88ba54a5451"

lodash.startswith@^4.2.1:
  version "4.2.1"
  resolved "https://registry.yarnpkg.com/lodash.startswith/-/lodash.startswith-4.2.1.tgz#c598c4adce188a27e53145731cdc6c0e7177600c"

min-document@^2.19.0:
  version "2.19.0"
  resolved "https://registry.yarnpkg.com/min-document/-/min-document-2.19.0.tgz#7bd282e3f5842ed295bb748cdd9f1ffa2c824685"
  dependencies:
    dom-walk "^0.1.0"

minimatch@^3.0.4:
  version "3.0.4"
  resolved "https://registry.yarnpkg.com/minimatch/-/minimatch-3.0.4.tgz#5166e286457f03306064be5497e8dbb0c3d32083"
  dependencies:
    brace-expansion "^1.1.7"

minimist@^0.1.0:
  version "0.1.0"
  resolved "https://registry.yarnpkg.com/minimist/-/minimist-0.1.0.tgz#99df657a52574c21c9057497df742790b2b4c0de"

node-rsa@^0.4.2:
  version "0.4.2"
  resolved "https://registry.yarnpkg.com/node-rsa/-/node-rsa-0.4.2.tgz#d6391729ec16a830ed5a38042b3157d2d5d72530"
  dependencies:
    asn1 "0.2.3"

object-path@0.x.x:
  version "0.11.4"
  resolved "https://registry.yarnpkg.com/object-path/-/object-path-0.11.4.tgz#370ae752fbf37de3ea70a861c23bba8915691949"

once@^1.3.0:
  version "1.4.0"
  resolved "https://registry.yarnpkg.com/once/-/once-1.4.0.tgz#583b1aa775961d4b113ac17d9c50baef9dd76bd1"
  dependencies:
    wrappy "1"

opter@^1.1.0:
  version "1.1.0"
  resolved "https://registry.yarnpkg.com/opter/-/opter-1.1.0.tgz#2598aebb60b3f1a7322af1097086f4e798c84a76"
  dependencies:
    commander "2.x.x"
    js-yaml "3.x.x"
    object-path "0.x.x"
    underscore "1.x.x"
    z-schema "^3.0.1"
    z-schema-errors "0.0.1"

path-is-absolute@^1.0.0:
  version "1.0.1"
  resolved "https://registry.yarnpkg.com/path-is-absolute/-/path-is-absolute-1.0.1.tgz#174b9268735534ffbc7ace6bf53a5a9e1b5c5f5f"

process@~0.5.1:
  version "0.5.2"
  resolved "https://registry.yarnpkg.com/process/-/process-0.5.2.tgz#1638d8a8e34c2f440a91db95ab9aeb677fc185cf"

read-files@^0.1.0:
  version "0.1.0"
  resolved "https://registry.yarnpkg.com/read-files/-/read-files-0.1.0.tgz#606bb7a0177952d6a2f983d598096094314d321e"

sprintf-js@~1.0.2:
  version "1.0.3"
  resolved "https://registry.yarnpkg.com/sprintf-js/-/sprintf-js-1.0.3.tgz#04e6926f662895354f3dd015203633b857297e2c"

sweetalert2@^7.9.2:
  version "7.11.0"
  resolved "https://registry.yarnpkg.com/sweetalert2/-/sweetalert2-7.11.0.tgz#1d0d47900911a680775ebbd79cb0c77315dce75a"

underscore@1.x.x, underscore@^1.8.3:
  version "1.8.3"
  resolved "https://registry.yarnpkg.com/underscore/-/underscore-1.8.3.tgz#4f3fb53b106e6097fcf9cb4109f2a5e9bdfa5022"

upath@^1.0.2:
  version "1.0.2"
  resolved "https://registry.yarnpkg.com/upath/-/upath-1.0.2.tgz#80aaae5395abc5fd402933ae2f58694f0860204c"
  dependencies:
    lodash.endswith "^4.2.1"
    lodash.isfunction "^3.0.8"
    lodash.isstring "^4.0.1"
    lodash.startswith "^4.2.1"

validator@^9.0.0:
  version "9.4.0"
  resolved "https://registry.yarnpkg.com/validator/-/validator-9.4.0.tgz#c503ef88f7e6b8fb7688599267b309482d81ae60"

wrappy@1:
  version "1.0.2"
  resolved "https://registry.yarnpkg.com/wrappy/-/wrappy-1.0.2.tgz#b5243d8f3ec1aa35f1364605bc0d1036e30ab69f"

xtend@^4.0.0:
  version "4.0.1"
  resolved "https://registry.yarnpkg.com/xtend/-/xtend-4.0.1.tgz#a5c6d532be656e23db820efb943a1f04998d63af"

yargs@~1.2.6:
  version "1.2.6"
  resolved "https://registry.yarnpkg.com/yargs/-/yargs-1.2.6.tgz#9c7b4a82fd5d595b2bf17ab6dcc43135432fe34b"
  dependencies:
    minimist "^0.1.0"

z-schema-errors@0.0.1:
  version "0.0.1"
  resolved "https://registry.yarnpkg.com/z-schema-errors/-/z-schema-errors-0.0.1.tgz#e06270a4ca43925729f25764789ca9f46bff0f7d"
  dependencies:
    xtend "^4.0.0"

z-schema@^3.0.1:
  version "3.19.1"
  resolved "https://registry.yarnpkg.com/z-schema/-/z-schema-3.19.1.tgz#1faa828146d9365330031e962fbd071c7c6434ac"
  dependencies:
    lodash.get "^4.0.0"
    lodash.isequal "^4.0.0"
    validator "^9.0.0"
  optionalDependencies:
    commander "^2.7.1"
